
Microsoft Visual Studio Solution File, Format Version 12.00
# Visual Studio Version 17
VisualStudioVersion = 17.5.002.0
MinimumVisualStudioVersion = 10.0.40219.1
Project("{9A19103F-16F7-4668-BE54-9A1E7A4F7556}") = "TrilhaApiDesafio", "TrilhaApiDesafio.csproj", "{DAAEAA13-39F1-4CDA-9DFA-4FE6AD7B055A}"
EndProject
Global
	GlobalSection(SolutionConfigurationPlatforms) = preSolution
		Debug|Any CPU = Debug|Any CPU
		Release|Any CPU = Release|Any CPU
	EndGlobalSection
	GlobalSection(ProjectConfigurationPlatforms) = postSolution
		{DAAEAA13-39F1-4CDA-9DFA-4FE6AD7B055A}.Debug|Any CPU.ActiveCfg = Debug|Any CPU
		{DAAEAA13-39F1-4CDA-9DFA-4FE6AD7B055A}.Debug|Any CPU.Build.0 = Debug|Any CPU
		{DAAEAA13-39F1-4CDA-9DFA-4FE6AD7B055A}.Release|Any CPU.ActiveCfg = Release|Any CPU
		{DAAEAA13-39F1-4CDA-9DFA-4FE6AD7B055A}.Release|Any CPU.Build.0 = Release|Any CPU
	EndGlobalSection
	GlobalSection(SolutionProperties) = preSolution
		HideSolutionNode = FALSE
	EndGlobalSection
	GlobalSection(ExtensibilityGlobals) = postSolution
		SolutionGuid = {F159F0BC-DA3D-4AAD-A718-F9F4693491FA}
	EndGlobalSection
EndGlobal
